// !$*UTF8*$!
{
	archiveVersion = 1;
	classes = {
	};
	objectVersion = 46;
	objects = {

/* Begin PBXBuildFile section */
		491520EE1DD2EE8D00F792E0 /* CollectionHeaderView.swift in Sources */ = {isa = PBXBuildFile; fileRef = 491520EC1DD2EE8D00F792E0 /* CollectionHeaderView.swift */; };
		491520EF1DD2EE8D00F792E0 /* CollectionHeaderView.xib in Resources */ = {isa = PBXBuildFile; fileRef = 491520ED1DD2EE8D00F792E0 /* CollectionHeaderView.xib */; };
		491520F21DD30A8300F792E0 /* CollectionViewNormalCell.swift in Sources */ = {isa = PBXBuildFile; fileRef = 491520F01DD30A8300F792E0 /* CollectionViewNormalCell.swift */; };
		491520F31DD30A8300F792E0 /* CollectionViewNormalCell.xib in Resources */ = {isa = PBXBuildFile; fileRef = 491520F11DD30A8300F792E0 /* CollectionViewNormalCell.xib */; };
		491520F61DD3126900F792E0 /* CollectionViewPrettyCell.swift in Sources */ = {isa = PBXBuildFile; fileRef = 491520F41DD3126900F792E0 /* CollectionViewPrettyCell.swift */; };
		491520F71DD3126900F792E0 /* CollectionViewPrettyCell.xib in Resources */ = {isa = PBXBuildFile; fileRef = 491520F51DD3126900F792E0 /* CollectionViewPrettyCell.xib */; };
		49180E721DD3FC560019E6BB /* NetWorkTools.swift in Sources */ = {isa = PBXBuildFile; fileRef = 49180E711DD3FC560019E6BB /* NetWorkTools.swift */; };
		491867E21DCC9FF7005A9033 /* LJ_RecommendViewController.swift in Sources */ = {isa = PBXBuildFile; fileRef = 491867E11DCC9FF7005A9033 /* LJ_RecommendViewController.swift */; };
		4948A7311DCB3197009EB702 /* Profile.storyboard in Resources */ = {isa = PBXBuildFile; fileRef = 4948A72F1DCB3197009EB702 /* Profile.storyboard */; };
		4948A7391DCB3215009EB702 /* MainViewController.swift in Sources */ = {isa = PBXBuildFile; fileRef = 4948A7381DCB3215009EB702 /* MainViewController.swift */; };
		4948A73B1DCB32BA009EB702 /* LJ_HomeViewController.swift in Sources */ = {isa = PBXBuildFile; fileRef = 4948A73A1DCB32BA009EB702 /* LJ_HomeViewController.swift */; };
		4948A73E1DCB4CB3009EB702 /* Live.storyboard in Resources */ = {isa = PBXBuildFile; fileRef = 4948A73D1DCB4CB3009EB702 /* Live.storyboard */; };
		4948A7431DCB5067009EB702 /* UIBarButtonItem-Extension.swift in Sources */ = {isa = PBXBuildFile; fileRef = 4948A7421DCB5067009EB702 /* UIBarButtonItem-Extension.swift */; };
		4948A7451DCB5E47009EB702 /* PageTitleView.swift in Sources */ = {isa = PBXBuildFile; fileRef = 4948A7441DCB5E47009EB702 /* PageTitleView.swift */; };
		4948A7471DCB6141009EB702 /* Common.swift in Sources */ = {isa = PBXBuildFile; fileRef = 4948A7461DCB6141009EB702 /* Common.swift */; };
		496613881DCC1E4700F73082 /* PageContentView.swift in Sources */ = {isa = PBXBuildFile; fileRef = 496613871DCC1E4700F73082 /* PageContentView.swift */; };
		4966138A1DCC256700F73082 /* UIColor - Extension.swift in Sources */ = {isa = PBXBuildFile; fileRef = 496613891DCC256700F73082 /* UIColor - Extension.swift */; };
		498B078E1DCB22FF001DDF49 /* AppDelegate.swift in Sources */ = {isa = PBXBuildFile; fileRef = 498B078D1DCB22FF001DDF49 /* AppDelegate.swift */; };
		498B07901DCB22FF001DDF49 /* ViewController.swift in Sources */ = {isa = PBXBuildFile; fileRef = 498B078F1DCB22FF001DDF49 /* ViewController.swift */; };
		498B07931DCB22FF001DDF49 /* Main.storyboard in Resources */ = {isa = PBXBuildFile; fileRef = 498B07911DCB22FF001DDF49 /* Main.storyboard */; };
		498B07951DCB22FF001DDF49 /* Assets.xcassets in Resources */ = {isa = PBXBuildFile; fileRef = 498B07941DCB22FF001DDF49 /* Assets.xcassets */; };
		498B07981DCB22FF001DDF49 /* LaunchScreen.storyboard in Resources */ = {isa = PBXBuildFile; fileRef = 498B07961DCB22FF001DDF49 /* LaunchScreen.storyboard */; };
		498B07AD1DCB2433001DDF49 /* Home.storyboard in Resources */ = {isa = PBXBuildFile; fileRef = 498B07AB1DCB2433001DDF49 /* Home.storyboard */; };
		498B07B21DCB244A001DDF49 /* Follow.storyboard in Resources */ = {isa = PBXBuildFile; fileRef = 498B07B01DCB244A001DDF49 /* Follow.storyboard */; };
		9875A5FCFFE1FF693B0DF3BA /* Pods_DayDayZB.framework in Frameworks */ = {isa = PBXBuildFile; fileRef = D33CC5923CCEB93139E2864C /* Pods_DayDayZB.framework */; };
/* End PBXBuildFile section */

/* Begin PBXBuildRule section */
		4948A73C1DCB4042009EB702 /* PBXBuildRule */ = {
			isa = PBXBuildRule;
			compilerSpec = com.apple.compilers.proxy.script;
			fileType = sourcecode.c;
			isEditable = 1;
			outputFiles = (
			);
			script = "# <com.apple.compilers.gcc>\n";
		};
/* End PBXBuildRule section */

/* Begin PBXFileReference section */
		491520EC1DD2EE8D00F792E0 /* CollectionHeaderView.swift */ = {isa = PBXFileReference; fileEncoding = 4; lastKnownFileType = sourcecode.swift; path = CollectionHeaderView.swift; sourceTree = "<group>"; };
		491520ED1DD2EE8D00F792E0 /* CollectionHeaderView.xib */ = {isa = PBXFileReference; fileEncoding = 4; lastKnownFileType = file.xib; path = CollectionHeaderView.xib; sourceTree = "<group>"; };
		491520F01DD30A8300F792E0 /* CollectionViewNormalCell.swift */ = {isa = PBXFileReference; fileEncoding = 4; lastKnownFileType = sourcecode.swift; path = CollectionViewNormalCell.swift; sourceTree = "<group>"; };
		491520F11DD30A8300F792E0 /* CollectionViewNormalCell.xib */ = {isa = PBXFileReference; fileEncoding = 4; lastKnownFileType = file.xib; path = CollectionViewNormalCell.xib; sourceTree = "<group>"; };
		491520F41DD3126900F792E0 /* CollectionViewPrettyCell.swift */ = {isa = PBXFileReference; fileEncoding = 4; lastKnownFileType = sourcecode.swift; path = CollectionViewPrettyCell.swift; sourceTree = "<group>"; };
		491520F51DD3126900F792E0 /* CollectionViewPrettyCell.xib */ = {isa = PBXFileReference; fileEncoding = 4; lastKnownFileType = file.xib; path = CollectionViewPrettyCell.xib; sourceTree = "<group>"; };
		49180E711DD3FC560019E6BB /* NetWorkTools.swift */ = {isa = PBXFileReference; fileEncoding = 4; lastKnownFileType = sourcecode.swift; path = NetWorkTools.swift; sourceTree = "<group>"; };
		491867E11DCC9FF7005A9033 /* LJ_RecommendViewController.swift */ = {isa = PBXFileReference; fileEncoding = 4; lastKnownFileType = sourcecode.swift; path = LJ_RecommendViewController.swift; sourceTree = "<group>"; };
		4948A7301DCB3197009EB702 /* Base */ = {isa = PBXFileReference; lastKnownFileType = file.storyboard; name = Base; path = Base.lproj/Profile.storyboard; sourceTree = "<group>"; };
		4948A7381DCB3215009EB702 /* MainViewController.swift */ = {isa = PBXFileReference; fileEncoding = 4; lastKnownFileType = sourcecode.swift; path = MainViewController.swift; sourceTree = "<group>"; };
		4948A73A1DCB32BA009EB702 /* LJ_HomeViewController.swift */ = {isa = PBXFileReference; fileEncoding = 4; lastKnownFileType = sourcecode.swift; path = LJ_HomeViewController.swift; sourceTree = "<group>"; };
		4948A73D1DCB4CB3009EB702 /* Live.storyboard */ = {isa = PBXFileReference; fileEncoding = 4; lastKnownFileType = file.storyboard; path = Live.storyboard; sourceTree = "<group>"; };
		4948A7421DCB5067009EB702 /* UIBarButtonItem-Extension.swift */ = {isa = PBXFileReference; fileEncoding = 4; lastKnownFileType = sourcecode.swift; path = "UIBarButtonItem-Extension.swift"; sourceTree = "<group>"; };
		4948A7441DCB5E47009EB702 /* PageTitleView.swift */ = {isa = PBXFileReference; fileEncoding = 4; lastKnownFileType = sourcecode.swift; path = PageTitleView.swift; sourceTree = "<group>"; };
		4948A7461DCB6141009EB702 /* Common.swift */ = {isa = PBXFileReference; fileEncoding = 4; lastKnownFileType = sourcecode.swift; path = Common.swift; sourceTree = "<group>"; };
		496613871DCC1E4700F73082 /* PageContentView.swift */ = {isa = PBXFileReference; fileEncoding = 4; lastKnownFileType = sourcecode.swift; path = PageContentView.swift; sourceTree = "<group>"; };
		496613891DCC256700F73082 /* UIColor - Extension.swift */ = {isa = PBXFileReference; fileEncoding = 4; lastKnownFileType = sourcecode.swift; path = "UIColor - Extension.swift"; sourceTree = "<group>"; };
		498B078A1DCB22FF001DDF49 /* DayDayZB.app */ = {isa = PBXFileReference; explicitFileType = wrapper.application; includeInIndex = 0; path = DayDayZB.app; sourceTree = BUILT_PRODUCTS_DIR; };
		498B078D1DCB22FF001DDF49 /* AppDelegate.swift */ = {isa = PBXFileReference; lastKnownFileType = sourcecode.swift; path = AppDelegate.swift; sourceTree = "<group>"; };
		498B078F1DCB22FF001DDF49 /* ViewController.swift */ = {isa = PBXFileReference; lastKnownFileType = sourcecode.swift; path = ViewController.swift; sourceTree = "<group>"; };
		498B07921DCB22FF001DDF49 /* Base */ = {isa = PBXFileReference; lastKnownFileType = file.storyboard; name = Base; path = Base.lproj/Main.storyboard; sourceTree = "<group>"; };
		498B07941DCB22FF001DDF49 /* Assets.xcassets */ = {isa = PBXFileReference; lastKnownFileType = folder.assetcatalog; path = Assets.xcassets; sourceTree = "<group>"; };
		498B07971DCB22FF001DDF49 /* Base */ = {isa = PBXFileReference; lastKnownFileType = file.storyboard; name = Base; path = Base.lproj/LaunchScreen.storyboard; sourceTree = "<group>"; };
		498B07991DCB22FF001DDF49 /* Info.plist */ = {isa = PBXFileReference; lastKnownFileType = text.plist.xml; path = Info.plist; sourceTree = "<group>"; };
		498B07AC1DCB2433001DDF49 /* Base */ = {isa = PBXFileReference; lastKnownFileType = file.storyboard; name = Base; path = DayDayZB/Base.lproj/Home.storyboard; sourceTree = SOURCE_ROOT; };
		498B07B11DCB244A001DDF49 /* Base */ = {isa = PBXFileReference; lastKnownFileType = file.storyboard; name = Base; path = DayDayZB/Base.lproj/Follow.storyboard; sourceTree = SOURCE_ROOT; };
		C2938806FF9EC89CE3B204ED /* Pods-DayDayZB.release.xcconfig */ = {isa = PBXFileReference; includeInIndex = 1; lastKnownFileType = text.xcconfig; name = "Pods-DayDayZB.release.xcconfig"; path = "Pods/Target Support Files/Pods-DayDayZB/Pods-DayDayZB.release.xcconfig"; sourceTree = "<group>"; };
		D33CC5923CCEB93139E2864C /* Pods_DayDayZB.framework */ = {isa = PBXFileReference; explicitFileType = wrapper.framework; includeInIndex = 0; path = Pods_DayDayZB.framework; sourceTree = BUILT_PRODUCTS_DIR; };
		FAD21C9199481CC7DB655D56 /* Pods-DayDayZB.debug.xcconfig */ = {isa = PBXFileReference; includeInIndex = 1; lastKnownFileType = text.xcconfig; name = "Pods-DayDayZB.debug.xcconfig"; path = "Pods/Target Support Files/Pods-DayDayZB/Pods-DayDayZB.debug.xcconfig"; sourceTree = "<group>"; };
/* End PBXFileReference section */

/* Begin PBXFrameworksBuildPhase section */
		498B07871DCB22FF001DDF49 /* Frameworks */ = {
			isa = PBXFrameworksBuildPhase;
			buildActionMask = 2147483647;
			files = (
				9875A5FCFFE1FF693B0DF3BA /* Pods_DayDayZB.framework in Frameworks */,
			);
			runOnlyForDeploymentPostprocessing = 0;
		};
/* End PBXFrameworksBuildPhase section */

/* Begin PBXGroup section */
		020A9657133740C75D4DB4ED /* Pods */ = {
			isa = PBXGroup;
			children = (
				FAD21C9199481CC7DB655D56 /* Pods-DayDayZB.debug.xcconfig */,
				C2938806FF9EC89CE3B204ED /* Pods-DayDayZB.release.xcconfig */,
			);
			name = Pods;
			sourceTree = "<group>";
		};
		164D3AF146BD96AD6572FDA0 /* Frameworks */ = {
			isa = PBXGroup;
			children = (
				D33CC5923CCEB93139E2864C /* Pods_DayDayZB.framework */,
			);
			name = Frameworks;
			sourceTree = "<group>";
		};
		4948A7141DCB310B009EB702 /* Classes */ = {
			isa = PBXGroup;
			children = (
				4948A7341DCB31DD009EB702 /* Home */,
				4948A7151DCB310B009EB702 /* Follow */,
				4948A7191DCB310B009EB702 /* Live */,
				4948A71D1DCB310B009EB702 /* Main */,
				4948A7231DCB310B009EB702 /* Profile */,
				4948A7281DCB310B009EB702 /* Tools */,
			);
			path = Classes;
			sourceTree = "<group>";
		};
		4948A7151DCB310B009EB702 /* Follow */ = {
			isa = PBXGroup;
			children = (
				4948A7161DCB310B009EB702 /* Controller */,
				4948A7171DCB310B009EB702 /* Model */,
				4948A7181DCB310B009EB702 /* View */,
			);
			path = Follow;
			sourceTree = "<group>";
		};
		4948A7161DCB310B009EB702 /* Controller */ = {
			isa = PBXGroup;
			children = (
				498B07B01DCB244A001DDF49 /* Follow.storyboard */,
			);
			path = Controller;
			sourceTree = "<group>";
		};
		4948A7171DCB310B009EB702 /* Model */ = {
			isa = PBXGroup;
			children = (
			);
			path = Model;
			sourceTree = "<group>";
		};
		4948A7181DCB310B009EB702 /* View */ = {
			isa = PBXGroup;
			children = (
			);
			path = View;
			sourceTree = "<group>";
		};
		4948A7191DCB310B009EB702 /* Live */ = {
			isa = PBXGroup;
			children = (
				4948A71A1DCB310B009EB702 /* Controller */,
				4948A71B1DCB310B009EB702 /* Model */,
				4948A71C1DCB310B009EB702 /* View */,
			);
			path = Live;
			sourceTree = "<group>";
		};
		4948A71A1DCB310B009EB702 /* Controller */ = {
			isa = PBXGroup;
			children = (
				4948A73D1DCB4CB3009EB702 /* Live.storyboard */,
			);
			path = Controller;
			sourceTree = "<group>";
		};
		4948A71B1DCB310B009EB702 /* Model */ = {
			isa = PBXGroup;
			children = (
			);
			path = Model;
			sourceTree = "<group>";
		};
		4948A71C1DCB310B009EB702 /* View */ = {
			isa = PBXGroup;
			children = (
			);
			path = View;
			sourceTree = "<group>";
		};
		4948A71D1DCB310B009EB702 /* Main */ = {
			isa = PBXGroup;
			children = (
				4948A71E1DCB310B009EB702 /* Controller */,
				4948A7211DCB310B009EB702 /* Model */,
				4948A7221DCB310B009EB702 /* View */,
			);
			path = Main;
			sourceTree = "<group>";
		};
		4948A71E1DCB310B009EB702 /* Controller */ = {
			isa = PBXGroup;
			children = (
				4948A7381DCB3215009EB702 /* MainViewController.swift */,
				498B07911DCB22FF001DDF49 /* Main.storyboard */,
			);
			path = Controller;
			sourceTree = "<group>";
		};
		4948A7211DCB310B009EB702 /* Model */ = {
			isa = PBXGroup;
			children = (
			);
			path = Model;
			sourceTree = "<group>";
		};
		4948A7221DCB310B009EB702 /* View */ = {
			isa = PBXGroup;
			children = (
				4948A7441DCB5E47009EB702 /* PageTitleView.swift */,
				496613871DCC1E4700F73082 /* PageContentView.swift */,
				491520F01DD30A8300F792E0 /* CollectionViewNormalCell.swift */,
				491520F11DD30A8300F792E0 /* CollectionViewNormalCell.xib */,
				491520F41DD3126900F792E0 /* CollectionViewPrettyCell.swift */,
				491520F51DD3126900F792E0 /* CollectionViewPrettyCell.xib */,
			);
			path = View;
			sourceTree = "<group>";
		};
		4948A7231DCB310B009EB702 /* Profile */ = {
			isa = PBXGroup;
			children = (
				4948A7241DCB310B009EB702 /* Controller */,
				4948A7251DCB310B009EB702 /* Model */,
				4948A7271DCB310B009EB702 /* View */,
			);
			path = Profile;
			sourceTree = "<group>";
		};
		4948A7241DCB310B009EB702 /* Controller */ = {
			isa = PBXGroup;
			children = (
				4948A72F1DCB3197009EB702 /* Profile.storyboard */,
			);
			path = Controller;
			sourceTree = "<group>";
		};
		4948A7251DCB310B009EB702 /* Model */ = {
			isa = PBXGroup;
			children = (
			);
			path = Model;
			sourceTree = "<group>";
		};
		4948A7271DCB310B009EB702 /* View */ = {
			isa = PBXGroup;
			children = (
			);
			path = View;
			sourceTree = "<group>";
		};
		4948A7281DCB310B009EB702 /* Tools */ = {
			isa = PBXGroup;
			children = (
				49180E711DD3FC560019E6BB /* NetWorkTools.swift */,
				4948A73F1DCB4CFA009EB702 /* Extension */,
				4948A7461DCB6141009EB702 /* Common.swift */,
			);
			path = Tools;
			sourceTree = "<group>";
		};
		4948A7341DCB31DD009EB702 /* Home */ = {
			isa = PBXGroup;
			children = (
				4948A7351DCB31DD009EB702 /* Controller */,
				4948A7361DCB31DD009EB702 /* Model */,
				4948A7371DCB31DD009EB702 /* View */,
			);
			path = Home;
			sourceTree = "<group>";
		};
		4948A7351DCB31DD009EB702 /* Controller */ = {
			isa = PBXGroup;
			children = (
				498B07AB1DCB2433001DDF49 /* Home.storyboard */,
				4948A73A1DCB32BA009EB702 /* LJ_HomeViewController.swift */,
				491867E11DCC9FF7005A9033 /* LJ_RecommendViewController.swift */,
			);
			path = Controller;
			sourceTree = "<group>";
		};
		4948A7361DCB31DD009EB702 /* Model */ = {
			isa = PBXGroup;
			children = (
			);
			path = Model;
			sourceTree = "<group>";
		};
		4948A7371DCB31DD009EB702 /* View */ = {
			isa = PBXGroup;
			children = (
				491520EC1DD2EE8D00F792E0 /* CollectionHeaderView.swift */,
				491520ED1DD2EE8D00F792E0 /* CollectionHeaderView.xib */,
			);
			path = View;
			sourceTree = "<group>";
		};
		4948A73F1DCB4CFA009EB702 /* Extension */ = {
			isa = PBXGroup;
			children = (
				4948A7421DCB5067009EB702 /* UIBarButtonItem-Extension.swift */,
				496613891DCC256700F73082 /* UIColor - Extension.swift */,
			);
			path = Extension;
			sourceTree = "<group>";
		};
		498B07811DCB22FF001DDF49 = {
			isa = PBXGroup;
			children = (
				498B078C1DCB22FF001DDF49 /* DayDayZB */,
				498B078B1DCB22FF001DDF49 /* Products */,
				020A9657133740C75D4DB4ED /* Pods */,
				164D3AF146BD96AD6572FDA0 /* Frameworks */,
			);
			sourceTree = "<group>";
		};
		498B078B1DCB22FF001DDF49 /* Products */ = {
			isa = PBXGroup;
			children = (
				498B078A1DCB22FF001DDF49 /* DayDayZB.app */,
			);
			name = Products;
			sourceTree = "<group>";
		};
		498B078C1DCB22FF001DDF49 /* DayDayZB */ = {
			isa = PBXGroup;
			children = (
				4948A7141DCB310B009EB702 /* Classes */,
				498B078D1DCB22FF001DDF49 /* AppDelegate.swift */,
				498B078F1DCB22FF001DDF49 /* ViewController.swift */,
				498B07941DCB22FF001DDF49 /* Assets.xcassets */,
				498B07961DCB22FF001DDF49 /* LaunchScreen.storyboard */,
				498B07991DCB22FF001DDF49 /* Info.plist */,
			);
			path = DayDayZB;
			sourceTree = "<group>";
		};
/* End PBXGroup section */

/* Begin PBXNativeTarget section */
		498B07891DCB22FF001DDF49 /* DayDayZB */ = {
			isa = PBXNativeTarget;
			buildConfigurationList = 498B079C1DCB22FF001DDF49 /* Build configuration list for PBXNativeTarget "DayDayZB" */;
			buildPhases = (
				8A342ACA4ADA8FC447AFF8D6 /* [CP] Check Pods Manifest.lock */,
				498B07861DCB22FF001DDF49 /* Sources */,
				498B07871DCB22FF001DDF49 /* Frameworks */,
				498B07881DCB22FF001DDF49 /* Resources */,
				F3EEF45FD794CD57EDB789EE /* [CP] Embed Pods Frameworks */,
				6065F3AA0AD2A0C64BB4FD75 /* [CP] Copy Pods Resources */,
			);
			buildRules = (
				4948A73C1DCB4042009EB702 /* PBXBuildRule */,
			);
			dependencies = (
			);
			name = DayDayZB;
			productName = DayDayZB;
			productReference = 498B078A1DCB22FF001DDF49 /* DayDayZB.app */;
			productType = "com.apple.product-type.application";
		};
/* End PBXNativeTarget section */

/* Begin PBXProject section */
		498B07821DCB22FF001DDF49 /* Project object */ = {
			isa = PBXProject;
			attributes = {
				LastSwiftUpdateCheck = 0800;
				LastUpgradeCheck = 0800;
				ORGANIZATIONNAME = "洛洛大人";
				TargetAttributes = {
					498B07891DCB22FF001DDF49 = {
						CreatedOnToolsVersion = 8.0;
						ProvisioningStyle = Automatic;
					};
				};
			};
			buildConfigurationList = 498B07851DCB22FF001DDF49 /* Build configuration list for PBXProject "DayDayZB" */;
			compatibilityVersion = "Xcode 3.2";
			developmentRegion = English;
			hasScannedForEncodings = 0;
			knownRegions = (
				en,
				Base,
			);
			mainGroup = 498B07811DCB22FF001DDF49;
			productRefGroup = 498B078B1DCB22FF001DDF49 /* Products */;
			projectDirPath = "";
			projectRoot = "";
			targets = (
				498B07891DCB22FF001DDF49 /* DayDayZB */,
			);
		};
/* End PBXProject section */

/* Begin PBXResourcesBuildPhase section */
		498B07881DCB22FF001DDF49 /* Resources */ = {
			isa = PBXResourcesBuildPhase;
			buildActionMask = 2147483647;
			files = (
				4948A7311DCB3197009EB702 /* Profile.storyboard in Resources */,
				491520EF1DD2EE8D00F792E0 /* CollectionHeaderView.xib in Resources */,
				498B07981DCB22FF001DDF49 /* LaunchScreen.storyboard in Resources */,
				498B07951DCB22FF001DDF49 /* Assets.xcassets in Resources */,
				491520F71DD3126900F792E0 /* CollectionViewPrettyCell.xib in Resources */,
				498B07931DCB22FF001DDF49 /* Main.storyboard in Resources */,
				491520F31DD30A8300F792E0 /* CollectionViewNormalCell.xib in Resources */,
				498B07AD1DCB2433001DDF49 /* Home.storyboard in Resources */,
				498B07B21DCB244A001DDF49 /* Follow.storyboard in Resources */,
				4948A73E1DCB4CB3009EB702 /* Live.storyboard in Resources */,
			);
			runOnlyForDeploymentPostprocessing = 0;
		};
/* End PBXResourcesBuildPhase section */

/* Begin PBXShellScriptBuildPhase section */
		6065F3AA0AD2A0C64BB4FD75 /* [CP] Copy Pods Resources */ = {
			isa = PBXShellScriptBuildPhase;
			buildActionMask = 2147483647;
			files = (
			);
			inputPaths = (
			);
			name = "[CP] Copy Pods Resources";
			outputPaths = (
			);
			runOnlyForDeploymentPostprocessing = 0;
			shellPath = /bin/sh;
			shellScript = "\"${SRCROOT}/Pods/Target Support Files/Pods-DayDayZB/Pods-DayDayZB-resources.sh\"\n";
			showEnvVarsInLog = 0;
		};
		8A342ACA4ADA8FC447AFF8D6 /* [CP] Check Pods Manifest.lock */ = {
			isa = PBXShellScriptBuildPhase;
			buildActionMask = 2147483647;
			files = (
			);
			inputPaths = (
			);
			name = "[CP] Check Pods Manifest.lock";
			outputPaths = (
			);
			runOnlyForDeploymentPostprocessing = 0;
			shellPath = /bin/sh;
			shellScript = "diff \"${PODS_ROOT}/../Podfile.lock\" \"${PODS_ROOT}/Manifest.lock\" > /dev/null\nif [ $? != 0 ] ; then\n    # print error to STDERR\n    echo \"error: The sandbox is not in sync with the Podfile.lock. Run 'pod install' or update your CocoaPods installation.\" >&2\n    exit 1\nfi\n";
			showEnvVarsInLog = 0;
		};
		F3EEF45FD794CD57EDB789EE /* [CP] Embed Pods Frameworks */ = {
			isa = PBXShellScriptBuildPhase;
			buildActionMask = 2147483647;
			files = (
			);
			inputPaths = (
			);
			name = "[CP] Embed Pods Frameworks";
			outputPaths = (
			);
			runOnlyForDeploymentPostprocessing = 0;
			shellPath = /bin/sh;
			shellScript = "\"${SRCROOT}/Pods/Target Support Files/Pods-DayDayZB/Pods-DayDayZB-frameworks.sh\"\n";
			showEnvVarsInLog = 0;
		};
/* End PBXShellScriptBuildPhase section */

/* Begin PBXSourcesBuildPhase section */
		498B07861DCB22FF001DDF49 /* Sources */ = {
			isa = PBXSourcesBuildPhase;
			buildActionMask = 2147483647;
			files = (
				491867E21DCC9FF7005A9033 /* LJ_RecommendViewController.swift in Sources */,
				491520EE1DD2EE8D00F792E0 /* CollectionHeaderView.swift in Sources */,
				4948A7451DCB5E47009EB702 /* PageTitleView.swift in Sources */,
				4948A7431DCB5067009EB702 /* UIBarButtonItem-Extension.swift in Sources */,
				4948A7391DCB3215009EB702 /* MainViewController.swift in Sources */,
				491520F21DD30A8300F792E0 /* CollectionViewNormalCell.swift in Sources */,
				49180E721DD3FC560019E6BB /* NetWorkTools.swift in Sources */,
				496613881DCC1E4700F73082 /* PageContentView.swift in Sources */,
				498B07901DCB22FF001DDF49 /* ViewController.swift in Sources */,
				4966138A1DCC256700F73082 /* UIColor - Extension.swift in Sources */,
				498B078E1DCB22FF001DDF49 /* AppDelegate.swift in Sources */,
				491520F61DD3126900F792E0 /* CollectionViewPrettyCell.swift in Sources */,
				4948A73B1DCB32BA009EB702 /* LJ_HomeViewController.swift in Sources */,
				4948A7471DCB6141009EB702 /* Common.swift in Sources */,
			);
			runOnlyForDeploymentPostprocessing = 0;
		};
/* End PBXSourcesBuildPhase section */

/* Begin PBXVariantGroup section */
		4948A72F1DCB3197009EB702 /* Profile.storyboard */ = {
			isa = PBXVariantGroup;
			children = (
				4948A7301DCB3197009EB702 /* Base */,
			);
			name = Profile.storyboard;
			path = ../../..;
			sourceTree = "<group>";
		};
		498B07911DCB22FF001DDF49 /* Main.storyboard */ = {
			isa = PBXVariantGroup;
			children = (
				498B07921DCB22FF001DDF49 /* Base */,
			);
			name = Main.storyboard;
			path = ../../..;
			sourceTree = "<group>";
		};
		498B07961DCB22FF001DDF49 /* LaunchScreen.storyboard */ = {
			isa = PBXVariantGroup;
			children = (
				498B07971DCB22FF001DDF49 /* Base */,
			);
			name = LaunchScreen.storyboard;
			sourceTree = "<group>";
		};
		498B07AB1DCB2433001DDF49 /* Home.storyboard */ = {
			isa = PBXVariantGroup;
			children = (
				498B07AC1DCB2433001DDF49 /* Base */,
			);
			name = Home.storyboard;
			path = ../../Main;
			sourceTree = "<group>";
		};
		498B07B01DCB244A001DDF49 /* Follow.storyboard */ = {
			isa = PBXVariantGroup;
			children = (
				498B07B11DCB244A001DDF49 /* Base */,
			);
			name = Follow.storyboard;
			path = ../../Main;
			sourceTree = "<group>";
		};
/* End PBXVariantGroup section */

/* Begin XCBuildConfiguration section */
		498B079A1DCB22FF001DDF49 /* Debug */ = {
			isa = XCBuildConfiguration;
			buildSettings = {
				ALWAYS_SEARCH_USER_PATHS = NO;
				CLANG_ANALYZER_NONNULL = YES;
				CLANG_CXX_LANGUAGE_STANDARD = "gnu++0x";
				CLANG_CXX_LIBRARY = "libc++";
				CLANG_ENABLE_MODULES = YES;
				CLANG_ENABLE_OBJC_ARC = YES;
				CLANG_WARN_BOOL_CONVERSION = YES;
				CLANG_WARN_CONSTANT_CONVERSION = YES;
				CLANG_WARN_DIRECT_OBJC_ISA_USAGE = YES_ERROR;
				CLANG_WARN_DOCUMENTATION_COMMENTS = YES;
				CLANG_WARN_EMPTY_BODY = YES;
				CLANG_WARN_ENUM_CONVERSION = YES;
				CLANG_WARN_INFINITE_RECURSION = YES;
				CLANG_WARN_INT_CONVERSION = YES;
				CLANG_WARN_OBJC_ROOT_CLASS = YES_ERROR;
				CLANG_WARN_SUSPICIOUS_MOVES = YES;
				CLANG_WARN_UNREACHABLE_CODE = YES;
				CLANG_WARN__DUPLICATE_METHOD_MATCH = YES;
				"CODE_SIGN_IDENTITY[sdk=iphoneos*]" = "iPhone Developer";
				COPY_PHASE_STRIP = NO;
				DEBUG_INFORMATION_FORMAT = dwarf;
				ENABLE_STRICT_OBJC_MSGSEND = YES;
				ENABLE_TESTABILITY = YES;
				GCC_C_LANGUAGE_STANDARD = gnu99;
				GCC_DYNAMIC_NO_PIC = NO;
				GCC_NO_COMMON_BLOCKS = YES;
				GCC_OPTIMIZATION_LEVEL = 0;
				GCC_PREPROCESSOR_DEFINITIONS = (
					"DEBUG=1",
					"$(inherited)",
				);
				GCC_WARN_64_TO_32_BIT_CONVERSION = YES;
				GCC_WARN_ABOUT_RETURN_TYPE = YES_ERROR;
				GCC_WARN_UNDECLARED_SELECTOR = YES;
				GCC_WARN_UNINITIALIZED_AUTOS = YES_AGGRESSIVE;
				GCC_WARN_UNUSED_FUNCTION = YES;
				GCC_WARN_UNUSED_VARIABLE = YES;
				IPHONEOS_DEPLOYMENT_TARGET = 10.0;
				MTL_ENABLE_DEBUG_INFO = YES;
				ONLY_ACTIVE_ARCH = YES;
				SDKROOT = iphoneos;
				SWIFT_ACTIVE_COMPILATION_CONDITIONS = DEBUG;
				SWIFT_OPTIMIZATION_LEVEL = "-Onone";
			};
			name = Debug;
		};
		498B079B1DCB22FF001DDF49 /* Release */ = {
			isa = XCBuildConfiguration;
			buildSettings = {
				ALWAYS_SEARCH_USER_PATHS = NO;
				CLANG_ANALYZER_NONNULL = YES;
				CLANG_CXX_LANGUAGE_STANDARD = "gnu++0x";
				CLANG_CXX_LIBRARY = "libc++";
				CLANG_ENABLE_MODULES = YES;
				CLANG_ENABLE_OBJC_ARC = YES;
				CLANG_WARN_BOOL_CONVERSION = YES;
				CLANG_WARN_CONSTANT_CONVERSION = YES;
				CLANG_WARN_DIRECT_OBJC_ISA_USAGE = YES_ERROR;
				CLANG_WARN_DOCUMENTATION_COMMENTS = YES;
				CLANG_WARN_EMPTY_BODY = YES;
				CLANG_WARN_ENUM_CONVERSION = YES;
				CLANG_WARN_INFINITE_RECURSION = YES;
				CLANG_WARN_INT_CONVERSION = YES;
				CLANG_WARN_OBJC_ROOT_CLASS = YES_ERROR;
				CLANG_WARN_SUSPICIOUS_MOVES = YES;
				CLANG_WARN_UNREACHABLE_CODE = YES;
				CLANG_WARN__DUPLICATE_METHOD_MATCH = YES;
				"CODE_SIGN_IDENTITY[sdk=iphoneos*]" = "iPhone Developer";
				COPY_PHASE_STRIP = NO;
				DEBUG_INFORMATION_FORMAT = "dwarf-with-dsym";
				ENABLE_NS_ASSERTIONS = NO;
				ENABLE_STRICT_OBJC_MSGSEND = YES;
				GCC_C_LANGUAGE_STANDARD = gnu99;
				GCC_NO_COMMON_BLOCKS = YES;
				GCC_WARN_64_TO_32_BIT_CONVERSION = YES;
				GCC_WARN_ABOUT_RETURN_TYPE = YES_ERROR;
				GCC_WARN_UNDECLARED_SELECTOR = YES;
				GCC_WARN_UNINITIALIZED_AUTOS = YES_AGGRESSIVE;
				GCC_WARN_UNUSED_FUNCTION = YES;
				GCC_WARN_UNUSED_VARIABLE = YES;
				IPHONEOS_DEPLOYMENT_TARGET = 10.0;
				MTL_ENABLE_DEBUG_INFO = NO;
				SDKROOT = iphoneos;
				SWIFT_OPTIMIZATION_LEVEL = "-Owholemodule";
				VALIDATE_PRODUCT = YES;
			};
			name = Release;
		};
		498B079D1DCB22FF001DDF49 /* Debug */ = {
			isa = XCBuildConfiguration;
			baseConfigurationReference = FAD21C9199481CC7DB655D56 /* Pods-DayDayZB.debug.xcconfig */;
			buildSettings = {
				ASSETCATALOG_COMPILER_APPICON_NAME = AppIcon;
				ASSETCATALOG_COMPILER_LAUNCHIMAGE_NAME = LaunchImage;
				INFOPLIST_FILE = DayDayZB/Info.plist;
				LD_RUNPATH_SEARCH_PATHS = "$(inherited) @executable_path/Frameworks";
				PRODUCT_BUNDLE_IDENTIFIER = LiJie.DayDayZB;
				PRODUCT_NAME = "$(TARGET_NAME)";
				SWIFT_VERSION = 3.0;
			};
			name = Debug;
		};
		498B079E1DCB22FF001DDF49 /* Release */ = {
			isa = XCBuildConfiguration;
			baseConfigurationReference = C2938806FF9EC89CE3B204ED /* Pods-DayDayZB.release.xcconfig */;
			buildSettings = {
				ASSETCATALOG_COMPILER_APPICON_NAME = AppIcon;
				ASSETCATALOG_COMPILER_LAUNCHIMAGE_NAME = LaunchImage;
				INFOPLIST_FILE = DayDayZB/Info.plist;
				LD_RUNPATH_SEARCH_PATHS = "$(inherited) @executable_path/Frameworks";
				PRODUCT_BUNDLE_IDENTIFIER = LiJie.DayDayZB;
				PRODUCT_NAME = "$(TARGET_NAME)";
				SWIFT_VERSION = 3.0;
			};
			name = Release;
		};
/* End XCBuildConfiguration section */

/* Begin XCConfigurationList section */
		498B07851DCB22FF001DDF49 /* Build configuration list for PBXProject "DayDayZB" */ = {
			isa = XCConfigurationList;
			buildConfigurations = (
				498B079A1DCB22FF001DDF49 /* Debug */,
				498B079B1DCB22FF001DDF49 /* Release */,
			);
			defaultConfigurationIsVisible = 0;
			defaultConfigurationName = Release;
		};
		498B079C1DCB22FF001DDF49 /* Build configuration list for PBXNativeTarget "DayDayZB" */ = {
			isa = XCConfigurationList;
			buildConfigurations = (
				498B079D1DCB22FF001DDF49 /* Debug */,
				498B079E1DCB22FF001DDF49 /* Release */,
			);
			defaultConfigurationIsVisible = 0;
			defaultConfigurationName = Release;
		};
/* End XCConfigurationList section */
	};
	rootObject = 498B07821DCB22FF001DDF49 /* Project object */;
}
